
Microsoft Visual Studio Solution File, Format Version 12.00
# Visual Studio 2013
VisualStudioVersion = 12.0.40629.0
MinimumVisualStudioVersion = 10.0.40219.1
Project("{FAE04EC0-301F-11D3-BF4B-00C04F79EFBC}") = "WebApplication1", "WebApplication1\WebApplication1.csproj", "{E295A5D2-3FDD-4A3D-A360-95BA14878F03}"
EndProject
Project("{FAE04EC0-301F-11D3-BF4B-00C04F79EFBC}") = "TestLibrary", "TestLibrary\TestLibrary.csproj", "{24856115-A5BA-4B5D-8675-602DE0891E54}"
EndProject
Global
	GlobalSection(SolutionConfigurationPlatforms) = preSolution
		Debug|Any CPU = Debug|Any CPU
		Release|Any CPU = Release|Any CPU
	EndGlobalSection
	GlobalSection(ProjectConfigurationPlatforms) = postSolution
		{E295A5D2-3FDD-4A3D-A360-95BA14878F03}.Debug|Any CPU.ActiveCfg = Debug|Any CPU
		{E295A5D2-3FDD-4A3D-A360-95BA14878F03}.Debug|Any CPU.Build.0 = Debug|Any CPU
		{E295A5D2-3FDD-4A3D-A360-95BA14878F03}.Release|Any CPU.ActiveCfg = Release|Any CPU
		{E295A5D2-3FDD-4A3D-A360-95BA14878F03}.Release|Any CPU.Build.0 = Release|Any CPU
		{24856115-A5BA-4B5D-8675-602DE0891E54}.Debug|Any CPU.ActiveCfg = Debug|Any CPU
		{24856115-A5BA-4B5D-8675-602DE0891E54}.Debug|Any CPU.Build.0 = Debug|Any CPU
		{24856115-A5BA-4B5D-8675-602DE0891E54}.Release|Any CPU.ActiveCfg = Release|Any CPU
		{24856115-A5BA-4B5D-8675-602DE0891E54}.Release|Any CPU.Build.0 = Release|Any CPU
	EndGlobalSection
	GlobalSection(SolutionProperties) = preSolution
		HideSolutionNode = FALSE
	EndGlobalSection
EndGlobal
